
Microsoft Visual Studio Solution File, Format Version 12.00
# Visual Studio Version 17
VisualStudioVersion = 17.10.35201.131
MinimumVisualStudioVersion = 10.0.40219.1
Project("{2150E333-8FDC-42A3-9474-1A3956D46DE8}") = "Api", "Api", "{B6D551FE-DACC-49D1-A8A2-2756308A9DF8}"
EndProject
Project("{9A19103F-16F7-4668-BE54-9A1E7A4F7556}") = "Payment.EntityLayer", "Api\Payment.EntityLayer\Payment.EntityLayer.csproj", "{C1DEB1E3-86E7-402E-9320-9699291292EC}"
EndProject
Project("{9A19103F-16F7-4668-BE54-9A1E7A4F7556}") = "Payment.DtoLayer", "Api\Payment.DtoLayer\Payment.DtoLayer.csproj", "{D147B581-B22B-410B-8B5E-B909447F2EFD}"
EndProject
Project("{9A19103F-16F7-4668-BE54-9A1E7A4F7556}") = "Payment.BusinessLayer", "Api\Payment.BusinessLayer\Payment.BusinessLayer.csproj", "{FFDDD2C9-81D1-4713-8E10-32E2C5F0230E}"
EndProject
Project("{9A19103F-16F7-4668-BE54-9A1E7A4F7556}") = "Payment.WebApi", "Api\Payment.WebApi\Payment.WebApi.csproj", "{F027F222-9415-4E5B-A2FB-A68846065180}"
EndProject
Project("{2150E333-8FDC-42A3-9474-1A3956D46DE8}") = "Frontend", "Frontend", "{E468D820-E294-442E-AE9F-CB711DEDAEA7}"
EndProject
Project("{9A19103F-16F7-4668-BE54-9A1E7A4F7556}") = "Payment.DataAccessLayer", "Api\Payment.DataAccessLayer\Payment.DataAccessLayer.csproj", "{83DD9BF9-3EC0-4B86-9BED-86AE2453C2BD}"
EndProject
Project("{9A19103F-16F7-4668-BE54-9A1E7A4F7556}") = "Payment.WebUI", "Frontend\Payment.WebUI\Payment.WebUI.csproj", "{3CA983D8-0164-47A7-9688-DDBC53A5AED2}"
EndProject
Global
	GlobalSection(SolutionConfigurationPlatforms) = preSolution
		Debug|Any CPU = Debug|Any CPU
		Release|Any CPU = Release|Any CPU
	EndGlobalSection
	GlobalSection(ProjectConfigurationPlatforms) = postSolution
		{C1DEB1E3-86E7-402E-9320-9699291292EC}.Debug|Any CPU.ActiveCfg = Debug|Any CPU
		{C1DEB1E3-86E7-402E-9320-9699291292EC}.Debug|Any CPU.Build.0 = Debug|Any CPU
		{C1DEB1E3-86E7-402E-9320-9699291292EC}.Release|Any CPU.ActiveCfg = Release|Any CPU
		{C1DEB1E3-86E7-402E-9320-9699291292EC}.Release|Any CPU.Build.0 = Release|Any CPU
		{D147B581-B22B-410B-8B5E-B909447F2EFD}.Debug|Any CPU.ActiveCfg = Debug|Any CPU
		{D147B581-B22B-410B-8B5E-B909447F2EFD}.Debug|Any CPU.Build.0 = Debug|Any CPU
		{D147B581-B22B-410B-8B5E-B909447F2EFD}.Release|Any CPU.ActiveCfg = Release|Any CPU
		{D147B581-B22B-410B-8B5E-B909447F2EFD}.Release|Any CPU.Build.0 = Release|Any CPU
		{FFDDD2C9-81D1-4713-8E10-32E2C5F0230E}.Debug|Any CPU.ActiveCfg = Debug|Any CPU
		{FFDDD2C9-81D1-4713-8E10-32E2C5F0230E}.Debug|Any CPU.Build.0 = Debug|Any CPU
		{FFDDD2C9-81D1-4713-8E10-32E2C5F0230E}.Release|Any CPU.ActiveCfg = Release|Any CPU
		{FFDDD2C9-81D1-4713-8E10-32E2C5F0230E}.Release|Any CPU.Build.0 = Release|Any CPU
		{F027F222-9415-4E5B-A2FB-A68846065180}.Debug|Any CPU.ActiveCfg = Debug|Any CPU
		{F027F222-9415-4E5B-A2FB-A68846065180}.Debug|Any CPU.Build.0 = Debug|Any CPU
		{F027F222-9415-4E5B-A2FB-A68846065180}.Release|Any CPU.ActiveCfg = Release|Any CPU
		{F027F222-9415-4E5B-A2FB-A68846065180}.Release|Any CPU.Build.0 = Release|Any CPU
		{83DD9BF9-3EC0-4B86-9BED-86AE2453C2BD}.Debug|Any CPU.ActiveCfg = Debug|Any CPU
		{83DD9BF9-3EC0-4B86-9BED-86AE2453C2BD}.Debug|Any CPU.Build.0 = Debug|Any CPU
		{83DD9BF9-3EC0-4B86-9BED-86AE2453C2BD}.Release|Any CPU.ActiveCfg = Release|Any CPU
		{83DD9BF9-3EC0-4B86-9BED-86AE2453C2BD}.Release|Any CPU.Build.0 = Release|Any CPU
		{3CA983D8-0164-47A7-9688-DDBC53A5AED2}.Debug|Any CPU.ActiveCfg = Debug|Any CPU
		{3CA983D8-0164-47A7-9688-DDBC53A5AED2}.Debug|Any CPU.Build.0 = Debug|Any CPU
		{3CA983D8-0164-47A7-9688-DDBC53A5AED2}.Release|Any CPU.ActiveCfg = Release|Any CPU
		{3CA983D8-0164-47A7-9688-DDBC53A5AED2}.Release|Any CPU.Build.0 = Release|Any CPU
	EndGlobalSection
	GlobalSection(SolutionProperties) = preSolution
		HideSolutionNode = FALSE
	EndGlobalSection
	GlobalSection(NestedProjects) = preSolution
		{C1DEB1E3-86E7-402E-9320-9699291292EC} = {B6D551FE-DACC-49D1-A8A2-2756308A9DF8}
		{D147B581-B22B-410B-8B5E-B909447F2EFD} = {B6D551FE-DACC-49D1-A8A2-2756308A9DF8}
		{FFDDD2C9-81D1-4713-8E10-32E2C5F0230E} = {B6D551FE-DACC-49D1-A8A2-2756308A9DF8}
		{F027F222-9415-4E5B-A2FB-A68846065180} = {B6D551FE-DACC-49D1-A8A2-2756308A9DF8}
		{83DD9BF9-3EC0-4B86-9BED-86AE2453C2BD} = {B6D551FE-DACC-49D1-A8A2-2756308A9DF8}
		{3CA983D8-0164-47A7-9688-DDBC53A5AED2} = {E468D820-E294-442E-AE9F-CB711DEDAEA7}
	EndGlobalSection
	GlobalSection(ExtensibilityGlobals) = postSolution
		SolutionGuid = {42B4D179-4007-4D65-A12D-0998118DB022}
	EndGlobalSection
EndGlobal
